
Microsoft Visual Studio Solution File, Format Version 12.00
# Visual Studio Version 17
VisualStudioVersion = 17.7.34031.279
MinimumVisualStudioVersion = 10.0.40219.1
Project("{FAE04EC0-301F-11D3-BF4B-00C04F79EFBC}") = "LISTA 2 (POO) - EX3", "LISTA 2 (POO) - EX3\LISTA 2 (POO) - EX3.csproj", "{8548FD3C-ABF5-4683-AE9C-EE367166BE19}"
EndProject
Global
	GlobalSection(SolutionConfigurationPlatforms) = preSolution
		Debug|Any CPU = Debug|Any CPU
		Release|Any CPU = Release|Any CPU
	EndGlobalSection
	GlobalSection(ProjectConfigurationPlatforms) = postSolution
		{8548FD3C-ABF5-4683-AE9C-EE367166BE19}.Debug|Any CPU.ActiveCfg = Debug|Any CPU
		{8548FD3C-ABF5-4683-AE9C-EE367166BE19}.Debug|Any CPU.Build.0 = Debug|Any CPU
		{8548FD3C-ABF5-4683-AE9C-EE367166BE19}.Release|Any CPU.ActiveCfg = Release|Any CPU
		{8548FD3C-ABF5-4683-AE9C-EE367166BE19}.Release|Any CPU.Build.0 = Release|Any CPU
	EndGlobalSection
	GlobalSection(SolutionProperties) = preSolution
		HideSolutionNode = FALSE
	EndGlobalSection
	GlobalSection(ExtensibilityGlobals) = postSolution
		SolutionGuid = {10E245CD-3264-4649-9CAD-2548396F1237}
	EndGlobalSection
EndGlobal
