
Microsoft Visual Studio Solution File, Format Version 12.00
# Visual Studio Version 17
VisualStudioVersion = 17.7.34031.279
MinimumVisualStudioVersion = 10.0.40219.1
Project("{FAE04EC0-301F-11D3-BF4B-00C04F79EFBC}") = "LISTA 2 (POO) - EX1", "LISTA 2 (POO) - EX1\LISTA 2 (POO) - EX1.csproj", "{BC59A8F3-EF93-455E-9E34-F9E642B9CCF0}"
EndProject
Global
	GlobalSection(SolutionConfigurationPlatforms) = preSolution
		Debug|Any CPU = Debug|Any CPU
		Release|Any CPU = Release|Any CPU
	EndGlobalSection
	GlobalSection(ProjectConfigurationPlatforms) = postSolution
		{BC59A8F3-EF93-455E-9E34-F9E642B9CCF0}.Debug|Any CPU.ActiveCfg = Debug|Any CPU
		{BC59A8F3-EF93-455E-9E34-F9E642B9CCF0}.Debug|Any CPU.Build.0 = Debug|Any CPU
		{BC59A8F3-EF93-455E-9E34-F9E642B9CCF0}.Release|Any CPU.ActiveCfg = Release|Any CPU
		{BC59A8F3-EF93-455E-9E34-F9E642B9CCF0}.Release|Any CPU.Build.0 = Release|Any CPU
	EndGlobalSection
	GlobalSection(SolutionProperties) = preSolution
		HideSolutionNode = FALSE
	EndGlobalSection
	GlobalSection(ExtensibilityGlobals) = postSolution
		SolutionGuid = {B527DBB9-456A-4280-97A6-60864F0F9902}
	EndGlobalSection
EndGlobal
